
Microsoft Visual Studio Solution File, Format Version 12.00
# Visual Studio 2012
Project("{3947E667-4C90-4C3A-BEB9-7148D6FE0D7C}") = "mssql-native", "mssql-native.dproj", "{7A84DED1-CCF5-4DD3-81DC-AE57C53668F7}"
EndProject
Global
	GlobalSection(SolutionConfigurationPlatforms) = preSolution
		Debug|Any CPU = Debug|Any CPU
		Release|Any CPU = Release|Any CPU
		Unittest|Any CPU = Unittest|Any CPU
	EndGlobalSection
	GlobalSection(ProjectConfigurationPlatforms) = postSolution
		{7A84DED1-CCF5-4DD3-81DC-AE57C53668F7}.Debug|Any CPU.ActiveCfg = Debug|Any CPU
		{7A84DED1-CCF5-4DD3-81DC-AE57C53668F7}.Debug|Any CPU.Build.0 = Debug|Any CPU
		{7A84DED1-CCF5-4DD3-81DC-AE57C53668F7}.Release|Any CPU.ActiveCfg = Release|Any CPU
		{7A84DED1-CCF5-4DD3-81DC-AE57C53668F7}.Release|Any CPU.Build.0 = Release|Any CPU
		{7A84DED1-CCF5-4DD3-81DC-AE57C53668F7}.Unittest|Any CPU.ActiveCfg = Unittest|Any CPU
		{7A84DED1-CCF5-4DD3-81DC-AE57C53668F7}.Unittest|Any CPU.Build.0 = Unittest|Any CPU
	EndGlobalSection
EndGlobal
